
Microsoft Visual Studio Solution File, Format Version 12.00
# Visual Studio 15
VisualStudioVersion = 15.0.28307.539
MinimumVisualStudioVersion = 10.0.40219.1
Project("{2150E333-8FDC-42A3-9474-1A3956D46DE8}") = "src", "src", "{A1BC706F-5A21-4B79-A690-489B8BB5F89F}"
EndProject
Project("{2150E333-8FDC-42A3-9474-1A3956D46DE8}") = "tests", "tests", "{45104810-AB77-4B2C-A940-1DDE8AA4E96E}"
EndProject
Project("{9A19103F-16F7-4668-BE54-9A1E7A4F7556}") = "Alura.LeilaoOnline.Core", "Alura.LeilaoOnline.Core\Alura.LeilaoOnline.Core.csproj", "{9BB6DB98-0246-46F6-A258-1D4A9F8563E3}"
EndProject
Project("{9A19103F-16F7-4668-BE54-9A1E7A4F7556}") = "Alura.LeilaoOnline.Console", "Alura.LeilaoOnline.Console\Alura.LeilaoOnline.Console.csproj", "{87E05807-06A7-44AF-8F3F-A6589DCAF699}"
EndProject
Project("{FAE04EC0-301F-11D3-BF4B-00C04F79EFBC}") = "Alura.LeilaoOnline.Tests", "Alura.LeilaoOnline.Tests\Alura.LeilaoOnline.Tests.csproj", "{C8701903-FB1E-42A0-9201-BC7A290A1129}"
EndProject
Global
	GlobalSection(SolutionConfigurationPlatforms) = preSolution
		Debug|Any CPU = Debug|Any CPU
		Release|Any CPU = Release|Any CPU
	EndGlobalSection
	GlobalSection(ProjectConfigurationPlatforms) = postSolution
		{9BB6DB98-0246-46F6-A258-1D4A9F8563E3}.Debug|Any CPU.ActiveCfg = Debug|Any CPU
		{9BB6DB98-0246-46F6-A258-1D4A9F8563E3}.Debug|Any CPU.Build.0 = Debug|Any CPU
		{9BB6DB98-0246-46F6-A258-1D4A9F8563E3}.Release|Any CPU.ActiveCfg = Release|Any CPU
		{9BB6DB98-0246-46F6-A258-1D4A9F8563E3}.Release|Any CPU.Build.0 = Release|Any CPU
		{87E05807-06A7-44AF-8F3F-A6589DCAF699}.Debug|Any CPU.ActiveCfg = Debug|Any CPU
		{87E05807-06A7-44AF-8F3F-A6589DCAF699}.Debug|Any CPU.Build.0 = Debug|Any CPU
		{87E05807-06A7-44AF-8F3F-A6589DCAF699}.Release|Any CPU.ActiveCfg = Release|Any CPU
		{87E05807-06A7-44AF-8F3F-A6589DCAF699}.Release|Any CPU.Build.0 = Release|Any CPU
		{C8701903-FB1E-42A0-9201-BC7A290A1129}.Debug|Any CPU.ActiveCfg = Debug|Any CPU
		{C8701903-FB1E-42A0-9201-BC7A290A1129}.Debug|Any CPU.Build.0 = Debug|Any CPU
		{C8701903-FB1E-42A0-9201-BC7A290A1129}.Release|Any CPU.ActiveCfg = Release|Any CPU
		{C8701903-FB1E-42A0-9201-BC7A290A1129}.Release|Any CPU.Build.0 = Release|Any CPU
	EndGlobalSection
	GlobalSection(SolutionProperties) = preSolution
		HideSolutionNode = FALSE
	EndGlobalSection
	GlobalSection(NestedProjects) = preSolution
		{9BB6DB98-0246-46F6-A258-1D4A9F8563E3} = {A1BC706F-5A21-4B79-A690-489B8BB5F89F}
		{87E05807-06A7-44AF-8F3F-A6589DCAF699} = {A1BC706F-5A21-4B79-A690-489B8BB5F89F}
		{C8701903-FB1E-42A0-9201-BC7A290A1129} = {45104810-AB77-4B2C-A940-1DDE8AA4E96E}
	EndGlobalSection
	GlobalSection(ExtensibilityGlobals) = postSolution
		SolutionGuid = {80B58D69-2ED2-418F-83A0-3716534F85CD}
	EndGlobalSection
EndGlobal
